
Microsoft Visual Studio Solution File, Format Version 12.00
# Visual Studio 15
VisualStudioVersion = 15.0.28307.1062
MinimumVisualStudioVersion = 10.0.40219.1
Project("{FAE04EC0-301F-11D3-BF4B-00C04F79EFBC}") = "AudiosurfRPCForms", "AudiosurfRPCForms\AudiosurfRPCForms.csproj", "{863AB0A3-2284-4057-AF72-B5A2EF23F43F}"
EndProject
Project("{8BC9CEB8-8B4A-11D0-8D11-00A0C91BC942}") = "SendMessageAudiosurf", "SendMessageAudiosurf\SendMessageAudiosurf.vcxproj", "{CA2B9EEC-B24A-4B68-9D35-655C8F1DBBFE}"
EndProject
Global
	GlobalSection(SolutionConfigurationPlatforms) = preSolution
		Debug|Any CPU = Debug|Any CPU
		Debug|x64 = Debug|x64
		Debug|x86 = Debug|x86
		Release|Any CPU = Release|Any CPU
		Release|x64 = Release|x64
		Release|x86 = Release|x86
	EndGlobalSection
	GlobalSection(ProjectConfigurationPlatforms) = postSolution
		{863AB0A3-2284-4057-AF72-B5A2EF23F43F}.Debug|Any CPU.ActiveCfg = Debug|Any CPU
		{863AB0A3-2284-4057-AF72-B5A2EF23F43F}.Debug|Any CPU.Build.0 = Debug|Any CPU
		{863AB0A3-2284-4057-AF72-B5A2EF23F43F}.Debug|x64.ActiveCfg = Debug|Any CPU
		{863AB0A3-2284-4057-AF72-B5A2EF23F43F}.Debug|x64.Build.0 = Debug|Any CPU
		{863AB0A3-2284-4057-AF72-B5A2EF23F43F}.Debug|x86.ActiveCfg = Debug|Any CPU
		{863AB0A3-2284-4057-AF72-B5A2EF23F43F}.Debug|x86.Build.0 = Debug|Any CPU
		{863AB0A3-2284-4057-AF72-B5A2EF23F43F}.Release|Any CPU.ActiveCfg = Release|Any CPU
		{863AB0A3-2284-4057-AF72-B5A2EF23F43F}.Release|Any CPU.Build.0 = Release|Any CPU
		{863AB0A3-2284-4057-AF72-B5A2EF23F43F}.Release|x64.ActiveCfg = Release|Any CPU
		{863AB0A3-2284-4057-AF72-B5A2EF23F43F}.Release|x64.Build.0 = Release|Any CPU
		{863AB0A3-2284-4057-AF72-B5A2EF23F43F}.Release|x86.ActiveCfg = Release|Any CPU
		{863AB0A3-2284-4057-AF72-B5A2EF23F43F}.Release|x86.Build.0 = Release|Any CPU
		{CA2B9EEC-B24A-4B68-9D35-655C8F1DBBFE}.Debug|Any CPU.ActiveCfg = Debug|Win32
		{CA2B9EEC-B24A-4B68-9D35-655C8F1DBBFE}.Debug|x64.ActiveCfg = Debug|x64
		{CA2B9EEC-B24A-4B68-9D35-655C8F1DBBFE}.Debug|x64.Build.0 = Debug|x64
		{CA2B9EEC-B24A-4B68-9D35-655C8F1DBBFE}.Debug|x86.ActiveCfg = Debug|Win32
		{CA2B9EEC-B24A-4B68-9D35-655C8F1DBBFE}.Debug|x86.Build.0 = Debug|Win32
		{CA2B9EEC-B24A-4B68-9D35-655C8F1DBBFE}.Release|Any CPU.ActiveCfg = Release|Win32
		{CA2B9EEC-B24A-4B68-9D35-655C8F1DBBFE}.Release|x64.ActiveCfg = Release|x64
		{CA2B9EEC-B24A-4B68-9D35-655C8F1DBBFE}.Release|x64.Build.0 = Release|x64
		{CA2B9EEC-B24A-4B68-9D35-655C8F1DBBFE}.Release|x86.ActiveCfg = Release|Win32
		{CA2B9EEC-B24A-4B68-9D35-655C8F1DBBFE}.Release|x86.Build.0 = Release|Win32
	EndGlobalSection
	GlobalSection(SolutionProperties) = preSolution
		HideSolutionNode = FALSE
	EndGlobalSection
	GlobalSection(ExtensibilityGlobals) = postSolution
		SolutionGuid = {2DD963C6-F4F3-42D1-B6DB-E5FD73526B67}
	EndGlobalSection
EndGlobal
